
Microsoft Visual Studio Solution File, Format Version 12.00
# Visual Studio Version 17
VisualStudioVersion = 17.4.33205.214
MinimumVisualStudioVersion = 10.0.40219.1
Project("{9A19103F-16F7-4668-BE54-9A1E7A4F7556}") = "StaycationDemo", "StaycationDemo\StaycationDemo.csproj", "{D07B94A7-0537-41C3-BEA1-DDC0C372DA7B}"
EndProject
Project("{FAE04EC0-301F-11D3-BF4B-00C04F79EFBC}") = "StaycationWebApi", "..\..\..\Desktop\Asp.Net.Core\StaycationWebApi\StaycationWebApi.csproj", "{1B305FBA-1942-4D29-BE5E-BDB85EBC1EEE}"
EndProject
Global
	GlobalSection(SolutionConfigurationPlatforms) = preSolution
		Debug|Any CPU = Debug|Any CPU
		Release|Any CPU = Release|Any CPU
	EndGlobalSection
	GlobalSection(ProjectConfigurationPlatforms) = postSolution
		{D07B94A7-0537-41C3-BEA1-DDC0C372DA7B}.Debug|Any CPU.ActiveCfg = Debug|Any CPU
		{D07B94A7-0537-41C3-BEA1-DDC0C372DA7B}.Debug|Any CPU.Build.0 = Debug|Any CPU
		{D07B94A7-0537-41C3-BEA1-DDC0C372DA7B}.Release|Any CPU.ActiveCfg = Release|Any CPU
		{D07B94A7-0537-41C3-BEA1-DDC0C372DA7B}.Release|Any CPU.Build.0 = Release|Any CPU
		{1B305FBA-1942-4D29-BE5E-BDB85EBC1EEE}.Debug|Any CPU.ActiveCfg = Debug|Any CPU
		{1B305FBA-1942-4D29-BE5E-BDB85EBC1EEE}.Debug|Any CPU.Build.0 = Debug|Any CPU
		{1B305FBA-1942-4D29-BE5E-BDB85EBC1EEE}.Release|Any CPU.ActiveCfg = Release|Any CPU
		{1B305FBA-1942-4D29-BE5E-BDB85EBC1EEE}.Release|Any CPU.Build.0 = Release|Any CPU
	EndGlobalSection
	GlobalSection(SolutionProperties) = preSolution
		HideSolutionNode = FALSE
	EndGlobalSection
	GlobalSection(ExtensibilityGlobals) = postSolution
		SolutionGuid = {377CBD96-5B4C-45F6-B6F2-A9695D17861C}
	EndGlobalSection
EndGlobal
